
Microsoft Visual Studio Solution File, Format Version 12.00
# Visual Studio 15
VisualStudioVersion = 15.0.28010.2026
MinimumVisualStudioVersion = 10.0.40219.1
Project("{FAE04EC0-301F-11D3-BF4B-00C04F79EFBC}") = "PracticWork", "PracticWork\PracticWork.csproj", "{6DFC83D3-533A-4628-843B-1B3FF6A8708B}"
EndProject
Global
	GlobalSection(SolutionConfigurationPlatforms) = preSolution
		Debug|Any CPU = Debug|Any CPU
		Release|Any CPU = Release|Any CPU
	EndGlobalSection
	GlobalSection(ProjectConfigurationPlatforms) = postSolution
		{6DFC83D3-533A-4628-843B-1B3FF6A8708B}.Debug|Any CPU.ActiveCfg = Debug|Any CPU
		{6DFC83D3-533A-4628-843B-1B3FF6A8708B}.Debug|Any CPU.Build.0 = Debug|Any CPU
		{6DFC83D3-533A-4628-843B-1B3FF6A8708B}.Release|Any CPU.ActiveCfg = Release|Any CPU
		{6DFC83D3-533A-4628-843B-1B3FF6A8708B}.Release|Any CPU.Build.0 = Release|Any CPU
	EndGlobalSection
	GlobalSection(SolutionProperties) = preSolution
		HideSolutionNode = FALSE
	EndGlobalSection
	GlobalSection(ExtensibilityGlobals) = postSolution
		SolutionGuid = {914D7D15-57AF-47AB-B288-E52A9CF89C0B}
	EndGlobalSection
EndGlobal
